
Microsoft Visual Studio Solution File, Format Version 12.00
# Visual Studio 15
VisualStudioVersion = 15.0.28107.0
MinimumVisualStudioVersion = 10.0.40219.1
Project("{9A19103F-16F7-4668-BE54-9A1E7A4F7556}") = "Aheng.CloudOpera.Api", "Aheng.CloudOpera.Api\Aheng.CloudOpera.Api.csproj", "{610A4685-F527-4ECE-AA5B-1FF8BDAEB2D1}"
EndProject
Project("{FAE04EC0-301F-11D3-BF4B-00C04F79EFBC}") = "Aheng.CloudOpera.Core", "Aheng.CloudOpera.Core\Aheng.CloudOpera.Core.csproj", "{152BDD54-C688-4297-AE07-32C5906B3DDF}"
EndProject
Project("{FAE04EC0-301F-11D3-BF4B-00C04F79EFBC}") = "Aheng.CloudOpera.Infrastructrue", "Aheng.CloudOpera.Infrastructrue\Aheng.CloudOpera.Infrastructrue.csproj", "{9B4C151C-21FD-4789-BCC1-0A9777AA0033}"
EndProject
Global
	GlobalSection(SolutionConfigurationPlatforms) = preSolution
		Debug|Any CPU = Debug|Any CPU
		Release|Any CPU = Release|Any CPU
	EndGlobalSection
	GlobalSection(ProjectConfigurationPlatforms) = postSolution
		{610A4685-F527-4ECE-AA5B-1FF8BDAEB2D1}.Debug|Any CPU.ActiveCfg = Debug|Any CPU
		{610A4685-F527-4ECE-AA5B-1FF8BDAEB2D1}.Debug|Any CPU.Build.0 = Debug|Any CPU
		{610A4685-F527-4ECE-AA5B-1FF8BDAEB2D1}.Release|Any CPU.ActiveCfg = Release|Any CPU
		{610A4685-F527-4ECE-AA5B-1FF8BDAEB2D1}.Release|Any CPU.Build.0 = Release|Any CPU
		{152BDD54-C688-4297-AE07-32C5906B3DDF}.Debug|Any CPU.ActiveCfg = Debug|Any CPU
		{152BDD54-C688-4297-AE07-32C5906B3DDF}.Debug|Any CPU.Build.0 = Debug|Any CPU
		{152BDD54-C688-4297-AE07-32C5906B3DDF}.Release|Any CPU.ActiveCfg = Release|Any CPU
		{152BDD54-C688-4297-AE07-32C5906B3DDF}.Release|Any CPU.Build.0 = Release|Any CPU
		{9B4C151C-21FD-4789-BCC1-0A9777AA0033}.Debug|Any CPU.ActiveCfg = Debug|Any CPU
		{9B4C151C-21FD-4789-BCC1-0A9777AA0033}.Debug|Any CPU.Build.0 = Debug|Any CPU
		{9B4C151C-21FD-4789-BCC1-0A9777AA0033}.Release|Any CPU.ActiveCfg = Release|Any CPU
		{9B4C151C-21FD-4789-BCC1-0A9777AA0033}.Release|Any CPU.Build.0 = Release|Any CPU
	EndGlobalSection
	GlobalSection(SolutionProperties) = preSolution
		HideSolutionNode = FALSE
	EndGlobalSection
	GlobalSection(ExtensibilityGlobals) = postSolution
		SolutionGuid = {9BD22A96-BBEE-465D-94DF-6F3D2EE273E4}
	EndGlobalSection
EndGlobal
